// !$*UTF8*$!
{
	archiveVersion = 1;
	classes = {
	};
	objectVersion = 46;
	objects = {

/* Begin PBXBuildFile section */
		35A39F12A570F6C71557A20E /* Pods_GITSFramework.framework in Frameworks */ = {isa = PBXBuildFile; fileRef = 5EC3D3D77D67B81E4BB585DE /* Pods_GITSFramework.framework */; };
		8A0E7D9229A936E239D40CA6 /* Pods_GITSFrameworkApps.framework in Frameworks */ = {isa = PBXBuildFile; fileRef = 1C5656B76DC97B57CDAF1DBC /* Pods_GITSFrameworkApps.framework */; };
		924FDC2422269630002B4DC4 /* CustomBB8Slider.swift in Sources */ = {isa = PBXBuildFile; fileRef = 924FDC2322269630002B4DC4 /* CustomBB8Slider.swift */; };
		925C8552210EF7120094579B /* TextFieldExtension.swift in Sources */ = {isa = PBXBuildFile; fileRef = 925C8551210EF7120094579B /* TextFieldExtension.swift */; };
		92991CC6210FFD6A00ADEBCB /* UILabelExtension.swift in Sources */ = {isa = PBXBuildFile; fileRef = 92991CC5210FFD6A00ADEBCB /* UILabelExtension.swift */; };
		92991CC821103C1200ADEBCB /* ButtonExtension.swift in Sources */ = {isa = PBXBuildFile; fileRef = 92991CC721103C1100ADEBCB /* ButtonExtension.swift */; };
		92AD49F3224E153A00B6C59F /* GITSDBDelegate.swift in Sources */ = {isa = PBXBuildFile; fileRef = 92AD49F2224E153A00B6C59F /* GITSDBDelegate.swift */; };
		92AD49F5224E157700B6C59F /* GITSSplashDelegate.swift in Sources */ = {isa = PBXBuildFile; fileRef = 92AD49F4224E157700B6C59F /* GITSSplashDelegate.swift */; };
		A002D43221BF9E4300209D71 /* LoadingMoreCell.xib in Resources */ = {isa = PBXBuildFile; fileRef = A002D43121BF9E4200209D71 /* LoadingMoreCell.xib */; };
		A002D43521BF9E4E00209D71 /* LoadingMoreCell.swift in Sources */ = {isa = PBXBuildFile; fileRef = A002D43421BF9E4E00209D71 /* LoadingMoreCell.swift */; };
		A009FAFC2148034200CF806A /* UIColorExtension.swift in Sources */ = {isa = PBXBuildFile; fileRef = A009FAFB2148034200CF806A /* UIColorExtension.swift */; };
		A01A144D20B2664A002BE4D5 /* BaseRequest.swift in Sources */ = {isa = PBXBuildFile; fileRef = A01A142620B2664A002BE4D5 /* BaseRequest.swift */; };
		A01A144E20B2664A002BE4D5 /* BaseResponse.swift in Sources */ = {isa = PBXBuildFile; fileRef = A01A142720B2664A002BE4D5 /* BaseResponse.swift */; };
		A01A144F20B2664A002BE4D5 /* BasePresent.swift in Sources */ = {isa = PBXBuildFile; fileRef = A01A142820B2664A002BE4D5 /* BasePresent.swift */; };
		A01A145020B2664A002BE4D5 /* GITSPerformDelegate.swift in Sources */ = {isa = PBXBuildFile; fileRef = A01A142A20B2664A002BE4D5 /* GITSPerformDelegate.swift */; };
		A01A145120B2664A002BE4D5 /* GITSRootDelegate.swift in Sources */ = {isa = PBXBuildFile; fileRef = A01A142B20B2664A002BE4D5 /* GITSRootDelegate.swift */; };
		A01A145220B2664A002BE4D5 /* GITSLoginDelegate.swift in Sources */ = {isa = PBXBuildFile; fileRef = A01A142C20B2664A002BE4D5 /* GITSLoginDelegate.swift */; };
		A01A145420B2664A002BE4D5 /* GITSStringHelper.swift in Sources */ = {isa = PBXBuildFile; fileRef = A01A142F20B2664A002BE4D5 /* GITSStringHelper.swift */; };
		A01A145520B2664A002BE4D5 /* GITSPref.swift in Sources */ = {isa = PBXBuildFile; fileRef = A01A143020B2664A002BE4D5 /* GITSPref.swift */; };
		A01A145620B2664A002BE4D5 /* GITSUtilsHelper.swift in Sources */ = {isa = PBXBuildFile; fileRef = A01A143120B2664A002BE4D5 /* GITSUtilsHelper.swift */; };
		A01A145820B2664A002BE4D5 /* GITSNet.swift in Sources */ = {isa = PBXBuildFile; fileRef = A01A143320B2664A002BE4D5 /* GITSNet.swift */; };
		A01A145A20B2664A002BE4D5 /* BaseViewController.swift in Sources */ = {isa = PBXBuildFile; fileRef = A01A143620B2664A002BE4D5 /* BaseViewController.swift */; };
		A01A145B20B2664A002BE4D5 /* LoadoImageView.swift in Sources */ = {isa = PBXBuildFile; fileRef = A01A143920B2664A002BE4D5 /* LoadoImageView.swift */; };
		A01A145C20B2664A002BE4D5 /* TitleSearchView.swift in Sources */ = {isa = PBXBuildFile; fileRef = A01A143B20B2664A002BE4D5 /* TitleSearchView.swift */; };
		A01A145D20B2664A002BE4D5 /* TitleView.swift in Sources */ = {isa = PBXBuildFile; fileRef = A01A143D20B2664A002BE4D5 /* TitleView.swift */; };
		A01A145E20B2664A002BE4D5 /* MbloadingView.swift in Sources */ = {isa = PBXBuildFile; fileRef = A01A143F20B2664A002BE4D5 /* MbloadingView.swift */; };
		A01A145F20B2664A002BE4D5 /* RoundedBorderButton.swift in Sources */ = {isa = PBXBuildFile; fileRef = A01A144120B2664A002BE4D5 /* RoundedBorderButton.swift */; };
		A01A146020B2664A002BE4D5 /* FormatCurrency.swift in Sources */ = {isa = PBXBuildFile; fileRef = A01A144220B2664A002BE4D5 /* FormatCurrency.swift */; };
		A01A146120B2664A002BE4D5 /* CardView.swift in Sources */ = {isa = PBXBuildFile; fileRef = A01A144320B2664A002BE4D5 /* CardView.swift */; };
		A01A146220B2664A002BE4D5 /* PlaceholderTextView.swift in Sources */ = {isa = PBXBuildFile; fileRef = A01A144420B2664A002BE4D5 /* PlaceholderTextView.swift */; };
		A01A146320B2664A002BE4D5 /* UIHelper.swift in Sources */ = {isa = PBXBuildFile; fileRef = A01A144520B2664A002BE4D5 /* UIHelper.swift */; };
		A01A146420B2664A002BE4D5 /* CircleButton.swift in Sources */ = {isa = PBXBuildFile; fileRef = A01A144620B2664A002BE4D5 /* CircleButton.swift */; };
		A01A146520B2664A002BE4D5 /* SwiftMessageExtension.swift in Sources */ = {isa = PBXBuildFile; fileRef = A01A144720B2664A002BE4D5 /* SwiftMessageExtension.swift */; };
		A01A146620B2664A002BE4D5 /* ImageViewExtension.swift in Sources */ = {isa = PBXBuildFile; fileRef = A01A144820B2664A002BE4D5 /* ImageViewExtension.swift */; };
		A01A146720B2664A002BE4D5 /* RoundedImageView.swift in Sources */ = {isa = PBXBuildFile; fileRef = A01A144920B2664A002BE4D5 /* RoundedImageView.swift */; };
		A01A146820B2664A002BE4D5 /* AlertControllerExtension.swift in Sources */ = {isa = PBXBuildFile; fileRef = A01A144A20B2664A002BE4D5 /* AlertControllerExtension.swift */; };
		A01A146920B2664A002BE4D5 /* UnderlinedButton.swift in Sources */ = {isa = PBXBuildFile; fileRef = A01A144B20B2664A002BE4D5 /* UnderlinedButton.swift */; };
		A01A146A20B2664A002BE4D5 /* CircleImageView.swift in Sources */ = {isa = PBXBuildFile; fileRef = A01A144C20B2664A002BE4D5 /* CircleImageView.swift */; };
		A01A146C20B26798002BE4D5 /* GITSDateHelper.swift in Sources */ = {isa = PBXBuildFile; fileRef = A01A146B20B26798002BE4D5 /* GITSDateHelper.swift */; };
		A093820E20B6B4EE006AECE0 /* UIGestureRecognizer+Extensions.swift in Sources */ = {isa = PBXBuildFile; fileRef = A093820D20B6B4EE006AECE0 /* UIGestureRecognizer+Extensions.swift */; };
		A093821020B6B4F8006AECE0 /* CustomUISlider.swift in Sources */ = {isa = PBXBuildFile; fileRef = A093820F20B6B4F8006AECE0 /* CustomUISlider.swift */; };
		A0B88B4C20BB9C98007DB042 /* TriangleView.swift in Sources */ = {isa = PBXBuildFile; fileRef = A0B88B4B20BB9C98007DB042 /* TriangleView.swift */; };
		A9159D191E77C8E9006725A8 /* GITSFramework.framework in Frameworks */ = {isa = PBXBuildFile; fileRef = A9159D0F1E77C8E9006725A8 /* GITSFramework.framework */; };
		A9159D1E1E77C8E9006725A8 /* GITSFrameworkTests.swift in Sources */ = {isa = PBXBuildFile; fileRef = A9159D1D1E77C8E9006725A8 /* GITSFrameworkTests.swift */; };
		A9159D201E77C8E9006725A8 /* GITSFramework.h in Headers */ = {isa = PBXBuildFile; fileRef = A9159D121E77C8E9006725A8 /* GITSFramework.h */; settings = {ATTRIBUTES = (Public, ); }; };
		A9159D2C1E77D3A3006725A8 /* GITSFramework.podspec in Resources */ = {isa = PBXBuildFile; fileRef = A9159D2B1E77D3A3006725A8 /* GITSFramework.podspec */; };
		A918432E205A75D700EC84AA /* TitleSearchView.xib in Resources */ = {isa = PBXBuildFile; fileRef = A918432D205A75D700EC84AA /* TitleSearchView.xib */; };
		A9CE8F241E790A96006C6460 /* AppDelegate.swift in Sources */ = {isa = PBXBuildFile; fileRef = A9CE8F231E790A96006C6460 /* AppDelegate.swift */; };
		A9CE8F261E790A96006C6460 /* ViewController.swift in Sources */ = {isa = PBXBuildFile; fileRef = A9CE8F251E790A96006C6460 /* ViewController.swift */; };
		A9CE8F291E790A96006C6460 /* Main.storyboard in Resources */ = {isa = PBXBuildFile; fileRef = A9CE8F271E790A96006C6460 /* Main.storyboard */; };
		A9CE8F2B1E790A97006C6460 /* Assets.xcassets in Resources */ = {isa = PBXBuildFile; fileRef = A9CE8F2A1E790A97006C6460 /* Assets.xcassets */; };
		A9CE8F2E1E790A97006C6460 /* LaunchScreen.storyboard in Resources */ = {isa = PBXBuildFile; fileRef = A9CE8F2C1E790A97006C6460 /* LaunchScreen.storyboard */; };
		A9CE8F341E791918006C6460 /* KMConfig.plist in Resources */ = {isa = PBXBuildFile; fileRef = A9CE8F331E791918006C6460 /* KMConfig.plist */; };
		A9D8A811200B88F600D19AF7 /* MbloadingView.xib in Resources */ = {isa = PBXBuildFile; fileRef = A9D8A7F4200B88F600D19AF7 /* MbloadingView.xib */; };
		A9D8A812200B88F600D19AF7 /* Assets.xcassets in Resources */ = {isa = PBXBuildFile; fileRef = A9D8A7F5200B88F600D19AF7 /* Assets.xcassets */; };
		A9D8A813200B88F600D19AF7 /* TitleView.xib in Resources */ = {isa = PBXBuildFile; fileRef = A9D8A7F6200B88F600D19AF7 /* TitleView.xib */; };
		D30166B7223149930026B04F /* DropDownButton.swift in Sources */ = {isa = PBXBuildFile; fileRef = D30166B6223149930026B04F /* DropDownButton.swift */; };
		D3B36D55220481D700111774 /* WKWebViewExtension.swift in Sources */ = {isa = PBXBuildFile; fileRef = D3B36D54220481D700111774 /* WKWebViewExtension.swift */; };
		D3F4BA8522324FE800839D1A /* ProgressStepNavView.xib in Resources */ = {isa = PBXBuildFile; fileRef = D3F4BA8422324FE800839D1A /* ProgressStepNavView.xib */; };
		D3F4BA88223250D300839D1A /* ProgressStepNavView.swift in Sources */ = {isa = PBXBuildFile; fileRef = D3F4BA87223250D300839D1A /* ProgressStepNavView.swift */; };
		D3F4BA8A2235F93900839D1A /* ProgressView.xib in Resources */ = {isa = PBXBuildFile; fileRef = D3F4BA892235F93900839D1A /* ProgressView.xib */; };
		D3F4BA8D2235F98A00839D1A /* ProgressView.swift in Sources */ = {isa = PBXBuildFile; fileRef = D3F4BA8C2235F98A00839D1A /* ProgressView.swift */; };
		DBF6CE4891CC2D339F3D3A14 /* Pods_GITSFrameworkTests.framework in Frameworks */ = {isa = PBXBuildFile; fileRef = 25260760954F00F4E2A3D733 /* Pods_GITSFrameworkTests.framework */; };
/* End PBXBuildFile section */

/* Begin PBXContainerItemProxy section */
		A9159D1A1E77C8E9006725A8 /* PBXContainerItemProxy */ = {
			isa = PBXContainerItemProxy;
			containerPortal = A9159D061E77C8E9006725A8 /* Project object */;
			proxyType = 1;
			remoteGlobalIDString = A9159D0E1E77C8E9006725A8;
			remoteInfo = GITSFramework;
		};
/* End PBXContainerItemProxy section */

/* Begin PBXFileReference section */
		02A9BD4F2A5F3BAA709C5A6C /* Pods-GITSFrameworkTests.debug.xcconfig */ = {isa = PBXFileReference; includeInIndex = 1; lastKnownFileType = text.xcconfig; name = "Pods-GITSFrameworkTests.debug.xcconfig"; path = "Pods/Target Support Files/Pods-GITSFrameworkTests/Pods-GITSFrameworkTests.debug.xcconfig"; sourceTree = "<group>"; };
		1C5656B76DC97B57CDAF1DBC /* Pods_GITSFrameworkApps.framework */ = {isa = PBXFileReference; explicitFileType = wrapper.framework; includeInIndex = 0; path = Pods_GITSFrameworkApps.framework; sourceTree = BUILT_PRODUCTS_DIR; };
		25260760954F00F4E2A3D733 /* Pods_GITSFrameworkTests.framework */ = {isa = PBXFileReference; explicitFileType = wrapper.framework; includeInIndex = 0; path = Pods_GITSFrameworkTests.framework; sourceTree = BUILT_PRODUCTS_DIR; };
		3E34F599C6311541E708352A /* Pods-GITSFramework.debug.xcconfig */ = {isa = PBXFileReference; includeInIndex = 1; lastKnownFileType = text.xcconfig; name = "Pods-GITSFramework.debug.xcconfig"; path = "Pods/Target Support Files/Pods-GITSFramework/Pods-GITSFramework.debug.xcconfig"; sourceTree = "<group>"; };
		56735A8F6482192DD83E92D7 /* Pods-GITSFramework.release.xcconfig */ = {isa = PBXFileReference; includeInIndex = 1; lastKnownFileType = text.xcconfig; name = "Pods-GITSFramework.release.xcconfig"; path = "Pods/Target Support Files/Pods-GITSFramework/Pods-GITSFramework.release.xcconfig"; sourceTree = "<group>"; };
		5EC3D3D77D67B81E4BB585DE /* Pods_GITSFramework.framework */ = {isa = PBXFileReference; explicitFileType = wrapper.framework; includeInIndex = 0; path = Pods_GITSFramework.framework; sourceTree = BUILT_PRODUCTS_DIR; };
		7190BC29E01275EADABEA20B /* Pods-GITSFrameworkApps.debug.xcconfig */ = {isa = PBXFileReference; includeInIndex = 1; lastKnownFileType = text.xcconfig; name = "Pods-GITSFrameworkApps.debug.xcconfig"; path = "Pods/Target Support Files/Pods-GITSFrameworkApps/Pods-GITSFrameworkApps.debug.xcconfig"; sourceTree = "<group>"; };
		924FDC2322269630002B4DC4 /* CustomBB8Slider.swift */ = {isa = PBXFileReference; lastKnownFileType = sourcecode.swift; path = CustomBB8Slider.swift; sourceTree = "<group>"; };
		925C8551210EF7120094579B /* TextFieldExtension.swift */ = {isa = PBXFileReference; lastKnownFileType = sourcecode.swift; path = TextFieldExtension.swift; sourceTree = "<group>"; };
		92991CC5210FFD6A00ADEBCB /* UILabelExtension.swift */ = {isa = PBXFileReference; lastKnownFileType = sourcecode.swift; path = UILabelExtension.swift; sourceTree = "<group>"; };
		92991CC721103C1100ADEBCB /* ButtonExtension.swift */ = {isa = PBXFileReference; lastKnownFileType = sourcecode.swift; path = ButtonExtension.swift; sourceTree = "<group>"; };
		92AD49F2224E153A00B6C59F /* GITSDBDelegate.swift */ = {isa = PBXFileReference; lastKnownFileType = sourcecode.swift; path = GITSDBDelegate.swift; sourceTree = "<group>"; };
		92AD49F4224E157700B6C59F /* GITSSplashDelegate.swift */ = {isa = PBXFileReference; fileEncoding = 4; lastKnownFileType = sourcecode.swift; path = GITSSplashDelegate.swift; sourceTree = "<group>"; };
		A002D43121BF9E4200209D71 /* LoadingMoreCell.xib */ = {isa = PBXFileReference; fileEncoding = 4; lastKnownFileType = file.xib; path = LoadingMoreCell.xib; sourceTree = "<group>"; };
		A002D43421BF9E4E00209D71 /* LoadingMoreCell.swift */ = {isa = PBXFileReference; fileEncoding = 4; lastKnownFileType = sourcecode.swift; path = LoadingMoreCell.swift; sourceTree = "<group>"; };
		A009FAFB2148034200CF806A /* UIColorExtension.swift */ = {isa = PBXFileReference; lastKnownFileType = sourcecode.swift; path = UIColorExtension.swift; sourceTree = "<group>"; };
		A01A142620B2664A002BE4D5 /* BaseRequest.swift */ = {isa = PBXFileReference; fileEncoding = 4; lastKnownFileType = sourcecode.swift; path = BaseRequest.swift; sourceTree = "<group>"; };
		A01A142720B2664A002BE4D5 /* BaseResponse.swift */ = {isa = PBXFileReference; fileEncoding = 4; lastKnownFileType = sourcecode.swift; path = BaseResponse.swift; sourceTree = "<group>"; };
		A01A142820B2664A002BE4D5 /* BasePresent.swift */ = {isa = PBXFileReference; fileEncoding = 4; lastKnownFileType = sourcecode.swift; path = BasePresent.swift; sourceTree = "<group>"; };
		A01A142A20B2664A002BE4D5 /* GITSPerformDelegate.swift */ = {isa = PBXFileReference; fileEncoding = 4; lastKnownFileType = sourcecode.swift; path = GITSPerformDelegate.swift; sourceTree = "<group>"; };
		A01A142B20B2664A002BE4D5 /* GITSRootDelegate.swift */ = {isa = PBXFileReference; fileEncoding = 4; lastKnownFileType = sourcecode.swift; path = GITSRootDelegate.swift; sourceTree = "<group>"; };
		A01A142C20B2664A002BE4D5 /* GITSLoginDelegate.swift */ = {isa = PBXFileReference; fileEncoding = 4; lastKnownFileType = sourcecode.swift; path = GITSLoginDelegate.swift; sourceTree = "<group>"; };
		A01A142F20B2664A002BE4D5 /* GITSStringHelper.swift */ = {isa = PBXFileReference; fileEncoding = 4; lastKnownFileType = sourcecode.swift; path = GITSStringHelper.swift; sourceTree = "<group>"; };
		A01A143020B2664A002BE4D5 /* GITSPref.swift */ = {isa = PBXFileReference; fileEncoding = 4; lastKnownFileType = sourcecode.swift; path = GITSPref.swift; sourceTree = "<group>"; };
		A01A143120B2664A002BE4D5 /* GITSUtilsHelper.swift */ = {isa = PBXFileReference; fileEncoding = 4; lastKnownFileType = sourcecode.swift; path = GITSUtilsHelper.swift; sourceTree = "<group>"; };
		A01A143320B2664A002BE4D5 /* GITSNet.swift */ = {isa = PBXFileReference; fileEncoding = 4; lastKnownFileType = sourcecode.swift; path = GITSNet.swift; sourceTree = "<group>"; };
		A01A143620B2664A002BE4D5 /* BaseViewController.swift */ = {isa = PBXFileReference; fileEncoding = 4; lastKnownFileType = sourcecode.swift; path = BaseViewController.swift; sourceTree = "<group>"; };
		A01A143920B2664A002BE4D5 /* LoadoImageView.swift */ = {isa = PBXFileReference; fileEncoding = 4; lastKnownFileType = sourcecode.swift; path = LoadoImageView.swift; sourceTree = "<group>"; };
		A01A143B20B2664A002BE4D5 /* TitleSearchView.swift */ = {isa = PBXFileReference; fileEncoding = 4; lastKnownFileType = sourcecode.swift; path = TitleSearchView.swift; sourceTree = "<group>"; };
		A01A143D20B2664A002BE4D5 /* TitleView.swift */ = {isa = PBXFileReference; fileEncoding = 4; lastKnownFileType = sourcecode.swift; path = TitleView.swift; sourceTree = "<group>"; };
		A01A143F20B2664A002BE4D5 /* MbloadingView.swift */ = {isa = PBXFileReference; fileEncoding = 4; lastKnownFileType = sourcecode.swift; path = MbloadingView.swift; sourceTree = "<group>"; };
		A01A144120B2664A002BE4D5 /* RoundedBorderButton.swift */ = {isa = PBXFileReference; fileEncoding = 4; lastKnownFileType = sourcecode.swift; path = RoundedBorderButton.swift; sourceTree = "<group>"; };
		A01A144220B2664A002BE4D5 /* FormatCurrency.swift */ = {isa = PBXFileReference; fileEncoding = 4; lastKnownFileType = sourcecode.swift; path = FormatCurrency.swift; sourceTree = "<group>"; };
		A01A144320B2664A002BE4D5 /* CardView.swift */ = {isa = PBXFileReference; fileEncoding = 4; lastKnownFileType = sourcecode.swift; path = CardView.swift; sourceTree = "<group>"; };
		A01A144420B2664A002BE4D5 /* PlaceholderTextView.swift */ = {isa = PBXFileReference; fileEncoding = 4; lastKnownFileType = sourcecode.swift; path = PlaceholderTextView.swift; sourceTree = "<group>"; };
		A01A144520B2664A002BE4D5 /* UIHelper.swift */ = {isa = PBXFileReference; fileEncoding = 4; lastKnownFileType = sourcecode.swift; path = UIHelper.swift; sourceTree = "<group>"; };
		A01A144620B2664A002BE4D5 /* CircleButton.swift */ = {isa = PBXFileReference; fileEncoding = 4; lastKnownFileType = sourcecode.swift; path = CircleButton.swift; sourceTree = "<group>"; };
		A01A144720B2664A002BE4D5 /* SwiftMessageExtension.swift */ = {isa = PBXFileReference; fileEncoding = 4; lastKnownFileType = sourcecode.swift; path = SwiftMessageExtension.swift; sourceTree = "<group>"; };
		A01A144820B2664A002BE4D5 /* ImageViewExtension.swift */ = {isa = PBXFileReference; fileEncoding = 4; lastKnownFileType = sourcecode.swift; path = ImageViewExtension.swift; sourceTree = "<group>"; };
		A01A144920B2664A002BE4D5 /* RoundedImageView.swift */ = {isa = PBXFileReference; fileEncoding = 4; lastKnownFileType = sourcecode.swift; path = RoundedImageView.swift; sourceTree = "<group>"; };
		A01A144A20B2664A002BE4D5 /* AlertControllerExtension.swift */ = {isa = PBXFileReference; fileEncoding = 4; lastKnownFileType = sourcecode.swift; path = AlertControllerExtension.swift; sourceTree = "<group>"; };
		A01A144B20B2664A002BE4D5 /* UnderlinedButton.swift */ = {isa = PBXFileReference; fileEncoding = 4; lastKnownFileType = sourcecode.swift; path = UnderlinedButton.swift; sourceTree = "<group>"; };
		A01A144C20B2664A002BE4D5 /* CircleImageView.swift */ = {isa = PBXFileReference; fileEncoding = 4; lastKnownFileType = sourcecode.swift; path = CircleImageView.swift; sourceTree = "<group>"; };
		A01A146B20B26798002BE4D5 /* GITSDateHelper.swift */ = {isa = PBXFileReference; fileEncoding = 4; lastKnownFileType = sourcecode.swift; path = GITSDateHelper.swift; sourceTree = "<group>"; };
		A093820D20B6B4EE006AECE0 /* UIGestureRecognizer+Extensions.swift */ = {isa = PBXFileReference; fileEncoding = 4; lastKnownFileType = sourcecode.swift; path = "UIGestureRecognizer+Extensions.swift"; sourceTree = "<group>"; };
		A093820F20B6B4F8006AECE0 /* CustomUISlider.swift */ = {isa = PBXFileReference; lastKnownFileType = sourcecode.swift; path = CustomUISlider.swift; sourceTree = "<group>"; };
		A0B88B4B20BB9C98007DB042 /* TriangleView.swift */ = {isa = PBXFileReference; lastKnownFileType = sourcecode.swift; path = TriangleView.swift; sourceTree = "<group>"; };
		A9159D0F1E77C8E9006725A8 /* GITSFramework.framework */ = {isa = PBXFileReference; explicitFileType = wrapper.framework; includeInIndex = 0; path = GITSFramework.framework; sourceTree = BUILT_PRODUCTS_DIR; };
		A9159D121E77C8E9006725A8 /* GITSFramework.h */ = {isa = PBXFileReference; lastKnownFileType = sourcecode.c.h; path = GITSFramework.h; sourceTree = "<group>"; };
		A9159D131E77C8E9006725A8 /* Info.plist */ = {isa = PBXFileReference; lastKnownFileType = text.plist.xml; path = Info.plist; sourceTree = "<group>"; };
		A9159D181E77C8E9006725A8 /* GITSFrameworkTests.xctest */ = {isa = PBXFileReference; explicitFileType = wrapper.cfbundle; includeInIndex = 0; path = GITSFrameworkTests.xctest; sourceTree = BUILT_PRODUCTS_DIR; };
		A9159D1D1E77C8E9006725A8 /* GITSFrameworkTests.swift */ = {isa = PBXFileReference; lastKnownFileType = sourcecode.swift; path = GITSFrameworkTests.swift; sourceTree = "<group>"; };
		A9159D1F1E77C8E9006725A8 /* Info.plist */ = {isa = PBXFileReference; lastKnownFileType = text.plist.xml; path = Info.plist; sourceTree = "<group>"; };
		A9159D2B1E77D3A3006725A8 /* GITSFramework.podspec */ = {isa = PBXFileReference; fileEncoding = 4; lastKnownFileType = text; path = GITSFramework.podspec; sourceTree = "<group>"; xcLanguageSpecificationIdentifier = xcode.lang.ruby; };
		A918432D205A75D700EC84AA /* TitleSearchView.xib */ = {isa = PBXFileReference; lastKnownFileType = file.xib; path = TitleSearchView.xib; sourceTree = "<group>"; };
		A9CE8F211E790A96006C6460 /* GITSFrameworkApps.app */ = {isa = PBXFileReference; explicitFileType = wrapper.application; includeInIndex = 0; path = GITSFrameworkApps.app; sourceTree = BUILT_PRODUCTS_DIR; };
		A9CE8F231E790A96006C6460 /* AppDelegate.swift */ = {isa = PBXFileReference; lastKnownFileType = sourcecode.swift; path = AppDelegate.swift; sourceTree = "<group>"; };
		A9CE8F251E790A96006C6460 /* ViewController.swift */ = {isa = PBXFileReference; lastKnownFileType = sourcecode.swift; path = ViewController.swift; sourceTree = "<group>"; };
		A9CE8F281E790A96006C6460 /* Base */ = {isa = PBXFileReference; lastKnownFileType = file.storyboard; name = Base; path = Base.lproj/Main.storyboard; sourceTree = "<group>"; };
		A9CE8F2A1E790A97006C6460 /* Assets.xcassets */ = {isa = PBXFileReference; lastKnownFileType = folder.assetcatalog; path = Assets.xcassets; sourceTree = "<group>"; };
		A9CE8F2D1E790A97006C6460 /* Base */ = {isa = PBXFileReference; lastKnownFileType = file.storyboard; name = Base; path = Base.lproj/LaunchScreen.storyboard; sourceTree = "<group>"; };
		A9CE8F2F1E790A97006C6460 /* Info.plist */ = {isa = PBXFileReference; lastKnownFileType = text.plist.xml; path = Info.plist; sourceTree = "<group>"; };
		A9CE8F331E791918006C6460 /* KMConfig.plist */ = {isa = PBXFileReference; fileEncoding = 4; lastKnownFileType = text.plist.xml; path = KMConfig.plist; sourceTree = "<group>"; };
		A9D8A7F4200B88F600D19AF7 /* MbloadingView.xib */ = {isa = PBXFileReference; fileEncoding = 4; lastKnownFileType = file.xib; path = MbloadingView.xib; sourceTree = "<group>"; };
		A9D8A7F5200B88F600D19AF7 /* Assets.xcassets */ = {isa = PBXFileReference; lastKnownFileType = folder.assetcatalog; path = Assets.xcassets; sourceTree = "<group>"; };
		A9D8A7F6200B88F600D19AF7 /* TitleView.xib */ = {isa = PBXFileReference; fileEncoding = 4; lastKnownFileType = file.xib; path = TitleView.xib; sourceTree = "<group>"; };
		C5E53D8057A113AB450065E1 /* Pods-GITSFrameworkApps.release.xcconfig */ = {isa = PBXFileReference; includeInIndex = 1; lastKnownFileType = text.xcconfig; name = "Pods-GITSFrameworkApps.release.xcconfig"; path = "Pods/Target Support Files/Pods-GITSFrameworkApps/Pods-GITSFrameworkApps.release.xcconfig"; sourceTree = "<group>"; };
		D30166B6223149930026B04F /* DropDownButton.swift */ = {isa = PBXFileReference; lastKnownFileType = sourcecode.swift; path = DropDownButton.swift; sourceTree = "<group>"; };
		D3B36D54220481D700111774 /* WKWebViewExtension.swift */ = {isa = PBXFileReference; lastKnownFileType = sourcecode.swift; path = WKWebViewExtension.swift; sourceTree = "<group>"; };
		D3F4BA8422324FE800839D1A /* ProgressStepNavView.xib */ = {isa = PBXFileReference; lastKnownFileType = file.xib; path = ProgressStepNavView.xib; sourceTree = "<group>"; };
		D3F4BA87223250D300839D1A /* ProgressStepNavView.swift */ = {isa = PBXFileReference; lastKnownFileType = sourcecode.swift; path = ProgressStepNavView.swift; sourceTree = "<group>"; };
		D3F4BA892235F93900839D1A /* ProgressView.xib */ = {isa = PBXFileReference; lastKnownFileType = file.xib; path = ProgressView.xib; sourceTree = "<group>"; };
		D3F4BA8C2235F98A00839D1A /* ProgressView.swift */ = {isa = PBXFileReference; lastKnownFileType = sourcecode.swift; path = ProgressView.swift; sourceTree = "<group>"; };
		D9CEC70C5795645491EB2A20 /* Pods-GITSFrameworkTests.release.xcconfig */ = {isa = PBXFileReference; includeInIndex = 1; lastKnownFileType = text.xcconfig; name = "Pods-GITSFrameworkTests.release.xcconfig"; path = "Pods/Target Support Files/Pods-GITSFrameworkTests/Pods-GITSFrameworkTests.release.xcconfig"; sourceTree = "<group>"; };
/* End PBXFileReference section */

/* Begin PBXFrameworksBuildPhase section */
		A9159D0B1E77C8E9006725A8 /* Frameworks */ = {
			isa = PBXFrameworksBuildPhase;
			buildActionMask = 2147483647;
			files = (
				35A39F12A570F6C71557A20E /* Pods_GITSFramework.framework in Frameworks */,
			);
			runOnlyForDeploymentPostprocessing = 0;
		};
		A9159D151E77C8E9006725A8 /* Frameworks */ = {
			isa = PBXFrameworksBuildPhase;
			buildActionMask = 2147483647;
			files = (
				A9159D191E77C8E9006725A8 /* GITSFramework.framework in Frameworks */,
				DBF6CE4891CC2D339F3D3A14 /* Pods_GITSFrameworkTests.framework in Frameworks */,
			);
			runOnlyForDeploymentPostprocessing = 0;
		};
		A9CE8F1E1E790A96006C6460 /* Frameworks */ = {
			isa = PBXFrameworksBuildPhase;
			buildActionMask = 2147483647;
			files = (
				8A0E7D9229A936E239D40CA6 /* Pods_GITSFrameworkApps.framework in Frameworks */,
			);
			runOnlyForDeploymentPostprocessing = 0;
		};
/* End PBXFrameworksBuildPhase section */

/* Begin PBXGroup section */
		A002D43321BF9E4E00209D71 /* LoadingMoreCell */ = {
			isa = PBXGroup;
			children = (
				A002D43421BF9E4E00209D71 /* LoadingMoreCell.swift */,
			);
			path = LoadingMoreCell;
			sourceTree = "<group>";
		};
		A009FAFA2148033100CF806A /* Extension */ = {
			isa = PBXGroup;
			children = (
				A009FAFB2148034200CF806A /* UIColorExtension.swift */,
			);
			path = Extension;
			sourceTree = "<group>";
		};
		A01A142520B2664A002BE4D5 /* Present */ = {
			isa = PBXGroup;
			children = (
				A01A142620B2664A002BE4D5 /* BaseRequest.swift */,
				A01A142720B2664A002BE4D5 /* BaseResponse.swift */,
				A01A142820B2664A002BE4D5 /* BasePresent.swift */,
			);
			path = Present;
			sourceTree = "<group>";
		};
		A01A142920B2664A002BE4D5 /* Delegate */ = {
			isa = PBXGroup;
			children = (
				92AD49F4224E157700B6C59F /* GITSSplashDelegate.swift */,
				A01A142A20B2664A002BE4D5 /* GITSPerformDelegate.swift */,
				A01A142B20B2664A002BE4D5 /* GITSRootDelegate.swift */,
				A01A142C20B2664A002BE4D5 /* GITSLoginDelegate.swift */,
				92AD49F2224E153A00B6C59F /* GITSDBDelegate.swift */,
			);
			path = Delegate;
			sourceTree = "<group>";
		};
		A01A142D20B2664A002BE4D5 /* Common */ = {
			isa = PBXGroup;
			children = (
				A01A146B20B26798002BE4D5 /* GITSDateHelper.swift */,
				A01A142F20B2664A002BE4D5 /* GITSStringHelper.swift */,
				A01A143020B2664A002BE4D5 /* GITSPref.swift */,
				A01A143120B2664A002BE4D5 /* GITSUtilsHelper.swift */,
				A01A143320B2664A002BE4D5 /* GITSNet.swift */,
			);
			path = Common;
			sourceTree = "<group>";
		};
		A01A143520B2664A002BE4D5 /* Controller */ = {
			isa = PBXGroup;
			children = (
				A01A143620B2664A002BE4D5 /* BaseViewController.swift */,
			);
			path = Controller;
			sourceTree = "<group>";
		};
		A01A143720B2664A002BE4D5 /* Library */ = {
			isa = PBXGroup;
			children = (
				D3F4BA8B2235F97700839D1A /* ProgressView */,
				D3F4BA86223250AD00839D1A /* ProgressStepNavView */,
				A002D43321BF9E4E00209D71 /* LoadingMoreCell */,
				A01A143820B2664A002BE4D5 /* LoadoImageView */,
				A01A143A20B2664A002BE4D5 /* TitleSearchView */,
				A01A143C20B2664A002BE4D5 /* TitleView */,
				A01A143E20B2664A002BE4D5 /* MbloadingView */,
			);
			path = Library;
			sourceTree = "<group>";
		};
		A01A143820B2664A002BE4D5 /* LoadoImageView */ = {
			isa = PBXGroup;
			children = (
				A01A143920B2664A002BE4D5 /* LoadoImageView.swift */,
			);
			path = LoadoImageView;
			sourceTree = "<group>";
		};
		A01A143A20B2664A002BE4D5 /* TitleSearchView */ = {
			isa = PBXGroup;
			children = (
				A01A143B20B2664A002BE4D5 /* TitleSearchView.swift */,
			);
			path = TitleSearchView;
			sourceTree = "<group>";
		};
		A01A143C20B2664A002BE4D5 /* TitleView */ = {
			isa = PBXGroup;
			children = (
				A01A143D20B2664A002BE4D5 /* TitleView.swift */,
			);
			path = TitleView;
			sourceTree = "<group>";
		};
		A01A143E20B2664A002BE4D5 /* MbloadingView */ = {
			isa = PBXGroup;
			children = (
				A01A143F20B2664A002BE4D5 /* MbloadingView.swift */,
			);
			path = MbloadingView;
			sourceTree = "<group>";
		};
		A01A144020B2664A002BE4D5 /* View */ = {
			isa = PBXGroup;
			children = (
				A093820D20B6B4EE006AECE0 /* UIGestureRecognizer+Extensions.swift */,
				A01A144120B2664A002BE4D5 /* RoundedBorderButton.swift */,
				A01A144220B2664A002BE4D5 /* FormatCurrency.swift */,
				A01A144320B2664A002BE4D5 /* CardView.swift */,
				A01A144420B2664A002BE4D5 /* PlaceholderTextView.swift */,
				A01A144520B2664A002BE4D5 /* UIHelper.swift */,
				A01A144620B2664A002BE4D5 /* CircleButton.swift */,
				A01A144720B2664A002BE4D5 /* SwiftMessageExtension.swift */,
				A01A144820B2664A002BE4D5 /* ImageViewExtension.swift */,
				A01A144920B2664A002BE4D5 /* RoundedImageView.swift */,
				A01A144A20B2664A002BE4D5 /* AlertControllerExtension.swift */,
				A01A144B20B2664A002BE4D5 /* UnderlinedButton.swift */,
				A01A144C20B2664A002BE4D5 /* CircleImageView.swift */,
				A093820F20B6B4F8006AECE0 /* CustomUISlider.swift */,
				A0B88B4B20BB9C98007DB042 /* TriangleView.swift */,
				925C8551210EF7120094579B /* TextFieldExtension.swift */,
				92991CC5210FFD6A00ADEBCB /* UILabelExtension.swift */,
				92991CC721103C1100ADEBCB /* ButtonExtension.swift */,
				D3B36D54220481D700111774 /* WKWebViewExtension.swift */,
				924FDC2322269630002B4DC4 /* CustomBB8Slider.swift */,
				D30166B6223149930026B04F /* DropDownButton.swift */,
			);
			path = View;
			sourceTree = "<group>";
		};
		A9159D051E77C8E9006725A8 = {
			isa = PBXGroup;
			children = (
				A9159D2B1E77D3A3006725A8 /* GITSFramework.podspec */,
				A9159D111E77C8E9006725A8 /* GITSFramework */,
				A9159D1C1E77C8E9006725A8 /* GITSFrameworkTests */,
				A9CE8F221E790A96006C6460 /* GITSFrameworkApps */,
				A9159D101E77C8E9006725A8 /* Products */,
				DAA2AFB61F0462714027E97D /* Pods */,
				F13378F1DF0889039141D0E1 /* Frameworks */,
			);
			sourceTree = "<group>";
		};
		A9159D101E77C8E9006725A8 /* Products */ = {
			isa = PBXGroup;
			children = (
				A9159D0F1E77C8E9006725A8 /* GITSFramework.framework */,
				A9159D181E77C8E9006725A8 /* GITSFrameworkTests.xctest */,
				A9CE8F211E790A96006C6460 /* GITSFrameworkApps.app */,
			);
			name = Products;
			sourceTree = "<group>";
		};
		A9159D111E77C8E9006725A8 /* GITSFramework */ = {
			isa = PBXGroup;
			children = (
				A9D8A7F2200B88F600D19AF7 /* Assets */,
				A9D8A7CF200B88F600D19AF7 /* Classes */,
				A9159D121E77C8E9006725A8 /* GITSFramework.h */,
				A9159D131E77C8E9006725A8 /* Info.plist */,
				A9CE8F331E791918006C6460 /* KMConfig.plist */,
			);
			path = GITSFramework;
			sourceTree = "<group>";
		};
		A9159D1C1E77C8E9006725A8 /* GITSFrameworkTests */ = {
			isa = PBXGroup;
			children = (
				A9159D1D1E77C8E9006725A8 /* GITSFrameworkTests.swift */,
				A9159D1F1E77C8E9006725A8 /* Info.plist */,
			);
			path = GITSFrameworkTests;
			sourceTree = "<group>";
		};
		A9CE8F221E790A96006C6460 /* GITSFrameworkApps */ = {
			isa = PBXGroup;
			children = (
				A9CE8F231E790A96006C6460 /* AppDelegate.swift */,
				A9CE8F251E790A96006C6460 /* ViewController.swift */,
				A9CE8F271E790A96006C6460 /* Main.storyboard */,
				A9CE8F2A1E790A97006C6460 /* Assets.xcassets */,
				A9CE8F2C1E790A97006C6460 /* LaunchScreen.storyboard */,
				A9CE8F2F1E790A97006C6460 /* Info.plist */,
			);
			path = GITSFrameworkApps;
			sourceTree = "<group>";
		};
		A9D8A7CF200B88F600D19AF7 /* Classes */ = {
			isa = PBXGroup;
			children = (
				A01A142D20B2664A002BE4D5 /* Common */,
				A01A143520B2664A002BE4D5 /* Controller */,
				A01A142920B2664A002BE4D5 /* Delegate */,
				A009FAFA2148033100CF806A /* Extension */,
				A01A143720B2664A002BE4D5 /* Library */,
				A01A142520B2664A002BE4D5 /* Present */,
				A01A144020B2664A002BE4D5 /* View */,
			);
			path = Classes;
			sourceTree = "<group>";
		};
		A9D8A7F2200B88F600D19AF7 /* Assets */ = {
			isa = PBXGroup;
			children = (
				A9D8A7F5200B88F600D19AF7 /* Assets.xcassets */,
				A9D8A7F4200B88F600D19AF7 /* MbloadingView.xib */,
				A002D43121BF9E4200209D71 /* LoadingMoreCell.xib */,
				A9D8A7F6200B88F600D19AF7 /* TitleView.xib */,
				A918432D205A75D700EC84AA /* TitleSearchView.xib */,
				D3F4BA8422324FE800839D1A /* ProgressStepNavView.xib */,
				D3F4BA892235F93900839D1A /* ProgressView.xib */,
			);
			path = Assets;
			sourceTree = "<group>";
		};
		D3F4BA86223250AD00839D1A /* ProgressStepNavView */ = {
			isa = PBXGroup;
			children = (
				D3F4BA87223250D300839D1A /* ProgressStepNavView.swift */,
			);
			path = ProgressStepNavView;
			sourceTree = "<group>";
		};
		D3F4BA8B2235F97700839D1A /* ProgressView */ = {
			isa = PBXGroup;
			children = (
				D3F4BA8C2235F98A00839D1A /* ProgressView.swift */,
			);
			path = ProgressView;
			sourceTree = "<group>";
		};
		DAA2AFB61F0462714027E97D /* Pods */ = {
			isa = PBXGroup;
			children = (
				3E34F599C6311541E708352A /* Pods-GITSFramework.debug.xcconfig */,
				56735A8F6482192DD83E92D7 /* Pods-GITSFramework.release.xcconfig */,
				7190BC29E01275EADABEA20B /* Pods-GITSFrameworkApps.debug.xcconfig */,
				C5E53D8057A113AB450065E1 /* Pods-GITSFrameworkApps.release.xcconfig */,
				02A9BD4F2A5F3BAA709C5A6C /* Pods-GITSFrameworkTests.debug.xcconfig */,
				D9CEC70C5795645491EB2A20 /* Pods-GITSFrameworkTests.release.xcconfig */,
			);
			name = Pods;
			sourceTree = "<group>";
		};
		F13378F1DF0889039141D0E1 /* Frameworks */ = {
			isa = PBXGroup;
			children = (
				5EC3D3D77D67B81E4BB585DE /* Pods_GITSFramework.framework */,
				1C5656B76DC97B57CDAF1DBC /* Pods_GITSFrameworkApps.framework */,
				25260760954F00F4E2A3D733 /* Pods_GITSFrameworkTests.framework */,
			);
			name = Frameworks;
			sourceTree = "<group>";
		};
/* End PBXGroup section */

/* Begin PBXHeadersBuildPhase section */
		A9159D0C1E77C8E9006725A8 /* Headers */ = {
			isa = PBXHeadersBuildPhase;
			buildActionMask = 2147483647;
			files = (
				A9159D201E77C8E9006725A8 /* GITSFramework.h in Headers */,
			);
			runOnlyForDeploymentPostprocessing = 0;
		};
/* End PBXHeadersBuildPhase section */

/* Begin PBXNativeTarget section */
		A9159D0E1E77C8E9006725A8 /* GITSFramework */ = {
			isa = PBXNativeTarget;
			buildConfigurationList = A9159D231E77C8E9006725A8 /* Build configuration list for PBXNativeTarget "GITSFramework" */;
			buildPhases = (
				2404D88356A5A0A9464B8370 /* [CP] Check Pods Manifest.lock */,
				A9159D0A1E77C8E9006725A8 /* Sources */,
				A9159D0B1E77C8E9006725A8 /* Frameworks */,
				A9159D0C1E77C8E9006725A8 /* Headers */,
				A9159D0D1E77C8E9006725A8 /* Resources */,
			);
			buildRules = (
			);
			dependencies = (
			);
			name = GITSFramework;
			productName = GITSFramework;
			productReference = A9159D0F1E77C8E9006725A8 /* GITSFramework.framework */;
			productType = "com.apple.product-type.framework";
		};
		A9159D171E77C8E9006725A8 /* GITSFrameworkTests */ = {
			isa = PBXNativeTarget;
			buildConfigurationList = A9159D261E77C8E9006725A8 /* Build configuration list for PBXNativeTarget "GITSFrameworkTests" */;
			buildPhases = (
				8551DD6F9BF0E9723DD65B1B /* [CP] Check Pods Manifest.lock */,
				A9159D141E77C8E9006725A8 /* Sources */,
				A9159D151E77C8E9006725A8 /* Frameworks */,
				A9159D161E77C8E9006725A8 /* Resources */,
				DF7BBB08DC8EA39858A566AA /* [CP] Embed Pods Frameworks */,
			);
			buildRules = (
			);
			dependencies = (
				A9159D1B1E77C8E9006725A8 /* PBXTargetDependency */,
			);
			name = GITSFrameworkTests;
			productName = GITSFrameworkTests;
			productReference = A9159D181E77C8E9006725A8 /* GITSFrameworkTests.xctest */;
			productType = "com.apple.product-type.bundle.unit-test";
		};
		A9CE8F201E790A96006C6460 /* GITSFrameworkApps */ = {
			isa = PBXNativeTarget;
			buildConfigurationList = A9CE8F321E790A97006C6460 /* Build configuration list for PBXNativeTarget "GITSFrameworkApps" */;
			buildPhases = (
				44D1E48241FEE288EB1E4644 /* [CP] Check Pods Manifest.lock */,
				A9CE8F1D1E790A96006C6460 /* Sources */,
				A9CE8F1E1E790A96006C6460 /* Frameworks */,
				A9CE8F1F1E790A96006C6460 /* Resources */,
				8A5D0F9F112D3F750AB9F3EA /* [CP] Embed Pods Frameworks */,
			);
			buildRules = (
			);
			dependencies = (
			);
			name = GITSFrameworkApps;
			productName = GITSFrameworkApps;
			productReference = A9CE8F211E790A96006C6460 /* GITSFrameworkApps.app */;
			productType = "com.apple.product-type.application";
		};
/* End PBXNativeTarget section */

/* Begin PBXProject section */
		A9159D061E77C8E9006725A8 /* Project object */ = {
			isa = PBXProject;
			attributes = {
				LastSwiftUpdateCheck = 0820;
				LastUpgradeCheck = 0820;
				ORGANIZATIONNAME = "GITS Indonesia";
				TargetAttributes = {
					A9159D0E1E77C8E9006725A8 = {
						CreatedOnToolsVersion = 8.2.1;
						DevelopmentTeam = P53KJ6MXZH;
						LastSwiftMigration = 0820;
						ProvisioningStyle = Automatic;
					};
					A9159D171E77C8E9006725A8 = {
						CreatedOnToolsVersion = 8.2.1;
						DevelopmentTeam = P53KJ6MXZH;
						LastSwiftMigration = 0910;
						ProvisioningStyle = Automatic;
					};
					A9CE8F201E790A96006C6460 = {
						CreatedOnToolsVersion = 8.2.1;
						DevelopmentTeam = P53KJ6MXZH;
						LastSwiftMigration = 0910;
						ProvisioningStyle = Automatic;
					};
				};
			};
			buildConfigurationList = A9159D091E77C8E9006725A8 /* Build configuration list for PBXProject "GITSFramework" */;
			compatibilityVersion = "Xcode 3.2";
			developmentRegion = English;
			hasScannedForEncodings = 0;
			knownRegions = (
				en,
				Base,
			);
			mainGroup = A9159D051E77C8E9006725A8;
			productRefGroup = A9159D101E77C8E9006725A8 /* Products */;
			projectDirPath = "";
			projectRoot = "";
			targets = (
				A9159D0E1E77C8E9006725A8 /* GITSFramework */,
				A9159D171E77C8E9006725A8 /* GITSFrameworkTests */,
				A9CE8F201E790A96006C6460 /* GITSFrameworkApps */,
			);
		};
/* End PBXProject section */

/* Begin PBXResourcesBuildPhase section */
		A9159D0D1E77C8E9006725A8 /* Resources */ = {
			isa = PBXResourcesBuildPhase;
			buildActionMask = 2147483647;
			files = (
				D3F4BA8A2235F93900839D1A /* ProgressView.xib in Resources */,
				A002D43221BF9E4300209D71 /* LoadingMoreCell.xib in Resources */,
				D3F4BA8522324FE800839D1A /* ProgressStepNavView.xib in Resources */,
				A9CE8F341E791918006C6460 /* KMConfig.plist in Resources */,
				A9D8A811200B88F600D19AF7 /* MbloadingView.xib in Resources */,
				A9159D2C1E77D3A3006725A8 /* GITSFramework.podspec in Resources */,
				A918432E205A75D700EC84AA /* TitleSearchView.xib in Resources */,
				A9D8A812200B88F600D19AF7 /* Assets.xcassets in Resources */,
				A9D8A813200B88F600D19AF7 /* TitleView.xib in Resources */,
			);
			runOnlyForDeploymentPostprocessing = 0;
		};
		A9159D161E77C8E9006725A8 /* Resources */ = {
			isa = PBXResourcesBuildPhase;
			buildActionMask = 2147483647;
			files = (
			);
			runOnlyForDeploymentPostprocessing = 0;
		};
		A9CE8F1F1E790A96006C6460 /* Resources */ = {
			isa = PBXResourcesBuildPhase;
			buildActionMask = 2147483647;
			files = (
				A9CE8F2E1E790A97006C6460 /* LaunchScreen.storyboard in Resources */,
				A9CE8F2B1E790A97006C6460 /* Assets.xcassets in Resources */,
				A9CE8F291E790A96006C6460 /* Main.storyboard in Resources */,
			);
			runOnlyForDeploymentPostprocessing = 0;
		};
/* End PBXResourcesBuildPhase section */

/* Begin PBXShellScriptBuildPhase section */
		2404D88356A5A0A9464B8370 /* [CP] Check Pods Manifest.lock */ = {
			isa = PBXShellScriptBuildPhase;
			buildActionMask = 2147483647;
			files = (
			);
			inputFileListPaths = (
			);
			inputPaths = (
				"${PODS_PODFILE_DIR_PATH}/Podfile.lock",
				"${PODS_ROOT}/Manifest.lock",
			);
			name = "[CP] Check Pods Manifest.lock";
			outputFileListPaths = (
			);
			outputPaths = (
				"$(DERIVED_FILE_DIR)/Pods-GITSFramework-checkManifestLockResult.txt",
			);
			runOnlyForDeploymentPostprocessing = 0;
			shellPath = /bin/sh;
			shellScript = "diff \"${PODS_PODFILE_DIR_PATH}/Podfile.lock\" \"${PODS_ROOT}/Manifest.lock\" > /dev/null\nif [ $? != 0 ] ; then\n    # print error to STDERR\n    echo \"error: The sandbox is not in sync with the Podfile.lock. Run 'pod install' or update your CocoaPods installation.\" >&2\n    exit 1\nfi\n# This output is used by Xcode 'outputs' to avoid re-running this script phase.\necho \"SUCCESS\" > \"${SCRIPT_OUTPUT_FILE_0}\"\n";
			showEnvVarsInLog = 0;
		};
		44D1E48241FEE288EB1E4644 /* [CP] Check Pods Manifest.lock */ = {
			isa = PBXShellScriptBuildPhase;
			buildActionMask = 2147483647;
			files = (
			);
			inputFileListPaths = (
			);
			inputPaths = (
				"${PODS_PODFILE_DIR_PATH}/Podfile.lock",
				"${PODS_ROOT}/Manifest.lock",
			);
			name = "[CP] Check Pods Manifest.lock";
			outputFileListPaths = (
			);
			outputPaths = (
				"$(DERIVED_FILE_DIR)/Pods-GITSFrameworkApps-checkManifestLockResult.txt",
			);
			runOnlyForDeploymentPostprocessing = 0;
			shellPath = /bin/sh;
			shellScript = "diff \"${PODS_PODFILE_DIR_PATH}/Podfile.lock\" \"${PODS_ROOT}/Manifest.lock\" > /dev/null\nif [ $? != 0 ] ; then\n    # print error to STDERR\n    echo \"error: The sandbox is not in sync with the Podfile.lock. Run 'pod install' or update your CocoaPods installation.\" >&2\n    exit 1\nfi\n# This output is used by Xcode 'outputs' to avoid re-running this script phase.\necho \"SUCCESS\" > \"${SCRIPT_OUTPUT_FILE_0}\"\n";
			showEnvVarsInLog = 0;
		};
		8551DD6F9BF0E9723DD65B1B /* [CP] Check Pods Manifest.lock */ = {
			isa = PBXShellScriptBuildPhase;
			buildActionMask = 2147483647;
			files = (
			);
			inputFileListPaths = (
			);
			inputPaths = (
				"${PODS_PODFILE_DIR_PATH}/Podfile.lock",
				"${PODS_ROOT}/Manifest.lock",
			);
			name = "[CP] Check Pods Manifest.lock";
			outputFileListPaths = (
			);
			outputPaths = (
				"$(DERIVED_FILE_DIR)/Pods-GITSFrameworkTests-checkManifestLockResult.txt",
			);
			runOnlyForDeploymentPostprocessing = 0;
			shellPath = /bin/sh;
			shellScript = "diff \"${PODS_PODFILE_DIR_PATH}/Podfile.lock\" \"${PODS_ROOT}/Manifest.lock\" > /dev/null\nif [ $? != 0 ] ; then\n    # print error to STDERR\n    echo \"error: The sandbox is not in sync with the Podfile.lock. Run 'pod install' or update your CocoaPods installation.\" >&2\n    exit 1\nfi\n# This output is used by Xcode 'outputs' to avoid re-running this script phase.\necho \"SUCCESS\" > \"${SCRIPT_OUTPUT_FILE_0}\"\n";
			showEnvVarsInLog = 0;
		};
		8A5D0F9F112D3F750AB9F3EA /* [CP] Embed Pods Frameworks */ = {
			isa = PBXShellScriptBuildPhase;
			buildActionMask = 2147483647;
			files = (
			);
			inputFileListPaths = (
			);
			inputPaths = (
				"${SRCROOT}/Pods/Target Support Files/Pods-GITSFrameworkApps/Pods-GITSFrameworkApps-frameworks.sh",
				"${BUILT_PRODUCTS_DIR}/Alamofire/Alamofire.framework",
				"${BUILT_PRODUCTS_DIR}/ChameleonFramework/ChameleonFramework.framework",
				"${BUILT_PRODUCTS_DIR}/GITSNetwork/GITSNetwork.framework",
				"${BUILT_PRODUCTS_DIR}/GITSRest/GITSRest.framework",
				"${BUILT_PRODUCTS_DIR}/HexColors/HexColors.framework",
				"${BUILT_PRODUCTS_DIR}/IQKeyboardManager/IQKeyboardManager.framework",
				"${BUILT_PRODUCTS_DIR}/SBPickerSelector/SBPickerSelector.framework",
				"${BUILT_PRODUCTS_DIR}/SDWebImage.default-GIF/SDWebImage.framework",
				"${BUILT_PRODUCTS_DIR}/SkyFloatingLabelTextField/SkyFloatingLabelTextField.framework",
				"${BUILT_PRODUCTS_DIR}/SwiftMessages/SwiftMessages.framework",
				"${BUILT_PRODUCTS_DIR}/SwiftyJSON/SwiftyJSON.framework",
				"${BUILT_PRODUCTS_DIR}/CryptoSwift/CryptoSwift.framework",
				"${BUILT_PRODUCTS_DIR}/FLAnimatedImage/FLAnimatedImage.framework",
				"${BUILT_PRODUCTS_DIR}/GITSFramework/GITSFramework.framework",
				"${BUILT_PRODUCTS_DIR}/M13Checkbox/M13Checkbox.framework",
			);
			name = "[CP] Embed Pods Frameworks";
			outputFileListPaths = (
			);
			outputPaths = (
				"${TARGET_BUILD_DIR}/${FRAMEWORKS_FOLDER_PATH}/Alamofire.framework",
				"${TARGET_BUILD_DIR}/${FRAMEWORKS_FOLDER_PATH}/ChameleonFramework.framework",
				"${TARGET_BUILD_DIR}/${FRAMEWORKS_FOLDER_PATH}/GITSNetwork.framework",
				"${TARGET_BUILD_DIR}/${FRAMEWORKS_FOLDER_PATH}/GITSRest.framework",
				"${TARGET_BUILD_DIR}/${FRAMEWORKS_FOLDER_PATH}/HexColors.framework",
				"${TARGET_BUILD_DIR}/${FRAMEWORKS_FOLDER_PATH}/IQKeyboardManager.framework",
				"${TARGET_BUILD_DIR}/${FRAMEWORKS_FOLDER_PATH}/SBPickerSelector.framework",
				"${TARGET_BUILD_DIR}/${FRAMEWORKS_FOLDER_PATH}/SDWebImage.framework",
				"${TARGET_BUILD_DIR}/${FRAMEWORKS_FOLDER_PATH}/SkyFloatingLabelTextField.framework",
				"${TARGET_BUILD_DIR}/${FRAMEWORKS_FOLDER_PATH}/SwiftMessages.framework",
				"${TARGET_BUILD_DIR}/${FRAMEWORKS_FOLDER_PATH}/SwiftyJSON.framework",
				"${TARGET_BUILD_DIR}/${FRAMEWORKS_FOLDER_PATH}/CryptoSwift.framework",
				"${TARGET_BUILD_DIR}/${FRAMEWORKS_FOLDER_PATH}/FLAnimatedImage.framework",
				"${TARGET_BUILD_DIR}/${FRAMEWORKS_FOLDER_PATH}/GITSFramework.framework",
				"${TARGET_BUILD_DIR}/${FRAMEWORKS_FOLDER_PATH}/M13Checkbox.framework",
			);
			runOnlyForDeploymentPostprocessing = 0;
			shellPath = /bin/sh;
			shellScript = "\"${SRCROOT}/Pods/Target Support Files/Pods-GITSFrameworkApps/Pods-GITSFrameworkApps-frameworks.sh\"\n";
			showEnvVarsInLog = 0;
		};
		DF7BBB08DC8EA39858A566AA /* [CP] Embed Pods Frameworks */ = {
			isa = PBXShellScriptBuildPhase;
			buildActionMask = 2147483647;
			files = (
			);
			inputFileListPaths = (
			);
			inputPaths = (
				"${SRCROOT}/Pods/Target Support Files/Pods-GITSFrameworkTests/Pods-GITSFrameworkTests-frameworks.sh",
				"${BUILT_PRODUCTS_DIR}/Alamofire/Alamofire.framework",
				"${BUILT_PRODUCTS_DIR}/ChameleonFramework/ChameleonFramework.framework",
				"${BUILT_PRODUCTS_DIR}/GITSNetwork/GITSNetwork.framework",
				"${BUILT_PRODUCTS_DIR}/GITSRest/GITSRest.framework",
				"${BUILT_PRODUCTS_DIR}/HexColors/HexColors.framework",
				"${BUILT_PRODUCTS_DIR}/IQKeyboardManager/IQKeyboardManager.framework",
				"${BUILT_PRODUCTS_DIR}/SBPickerSelector/SBPickerSelector.framework",
				"${BUILT_PRODUCTS_DIR}/SDWebImage/SDWebImage.framework",
				"${BUILT_PRODUCTS_DIR}/SkyFloatingLabelTextField/SkyFloatingLabelTextField.framework",
				"${BUILT_PRODUCTS_DIR}/SwiftMessages/SwiftMessages.framework",
				"${BUILT_PRODUCTS_DIR}/SwiftyJSON/SwiftyJSON.framework",
			);
			name = "[CP] Embed Pods Frameworks";
			outputFileListPaths = (
			);
			outputPaths = (
				"${TARGET_BUILD_DIR}/${FRAMEWORKS_FOLDER_PATH}/Alamofire.framework",
				"${TARGET_BUILD_DIR}/${FRAMEWORKS_FOLDER_PATH}/ChameleonFramework.framework",
				"${TARGET_BUILD_DIR}/${FRAMEWORKS_FOLDER_PATH}/GITSNetwork.framework",
				"${TARGET_BUILD_DIR}/${FRAMEWORKS_FOLDER_PATH}/GITSRest.framework",
				"${TARGET_BUILD_DIR}/${FRAMEWORKS_FOLDER_PATH}/HexColors.framework",
				"${TARGET_BUILD_DIR}/${FRAMEWORKS_FOLDER_PATH}/IQKeyboardManager.framework",
				"${TARGET_BUILD_DIR}/${FRAMEWORKS_FOLDER_PATH}/SBPickerSelector.framework",
				"${TARGET_BUILD_DIR}/${FRAMEWORKS_FOLDER_PATH}/SDWebImage.framework",
				"${TARGET_BUILD_DIR}/${FRAMEWORKS_FOLDER_PATH}/SkyFloatingLabelTextField.framework",
				"${TARGET_BUILD_DIR}/${FRAMEWORKS_FOLDER_PATH}/SwiftMessages.framework",
				"${TARGET_BUILD_DIR}/${FRAMEWORKS_FOLDER_PATH}/SwiftyJSON.framework",
			);
			runOnlyForDeploymentPostprocessing = 0;
			shellPath = /bin/sh;
			shellScript = "\"${SRCROOT}/Pods/Target Support Files/Pods-GITSFrameworkTests/Pods-GITSFrameworkTests-frameworks.sh\"\n";
			showEnvVarsInLog = 0;
		};
/* End PBXShellScriptBuildPhase section */

/* Begin PBXSourcesBuildPhase section */
		A9159D0A1E77C8E9006725A8 /* Sources */ = {
			isa = PBXSourcesBuildPhase;
			buildActionMask = 2147483647;
			files = (
				A01A145B20B2664A002BE4D5 /* LoadoImageView.swift in Sources */,
				92991CC6210FFD6A00ADEBCB /* UILabelExtension.swift in Sources */,
				A01A146C20B26798002BE4D5 /* GITSDateHelper.swift in Sources */,
				A01A146420B2664A002BE4D5 /* CircleButton.swift in Sources */,
				A01A146520B2664A002BE4D5 /* SwiftMessageExtension.swift in Sources */,
				A01A145C20B2664A002BE4D5 /* TitleSearchView.swift in Sources */,
				92991CC821103C1200ADEBCB /* ButtonExtension.swift in Sources */,
				925C8552210EF7120094579B /* TextFieldExtension.swift in Sources */,
				92AD49F5224E157700B6C59F /* GITSSplashDelegate.swift in Sources */,
				A01A146620B2664A002BE4D5 /* ImageViewExtension.swift in Sources */,
				A01A144F20B2664A002BE4D5 /* BasePresent.swift in Sources */,
				A002D43521BF9E4E00209D71 /* LoadingMoreCell.swift in Sources */,
				A01A146320B2664A002BE4D5 /* UIHelper.swift in Sources */,
				A01A145220B2664A002BE4D5 /* GITSLoginDelegate.swift in Sources */,
				A01A146820B2664A002BE4D5 /* AlertControllerExtension.swift in Sources */,
				A01A145E20B2664A002BE4D5 /* MbloadingView.swift in Sources */,
				D3F4BA8D2235F98A00839D1A /* ProgressView.swift in Sources */,
				A01A146120B2664A002BE4D5 /* CardView.swift in Sources */,
				A01A145020B2664A002BE4D5 /* GITSPerformDelegate.swift in Sources */,
				A01A146220B2664A002BE4D5 /* PlaceholderTextView.swift in Sources */,
				A093821020B6B4F8006AECE0 /* CustomUISlider.swift in Sources */,
				A093820E20B6B4EE006AECE0 /* UIGestureRecognizer+Extensions.swift in Sources */,
				A01A145A20B2664A002BE4D5 /* BaseViewController.swift in Sources */,
				A01A145F20B2664A002BE4D5 /* RoundedBorderButton.swift in Sources */,
				924FDC2422269630002B4DC4 /* CustomBB8Slider.swift in Sources */,
				A01A145120B2664A002BE4D5 /* GITSRootDelegate.swift in Sources */,
				A009FAFC2148034200CF806A /* UIColorExtension.swift in Sources */,
				A01A145820B2664A002BE4D5 /* GITSNet.swift in Sources */,
				A01A144D20B2664A002BE4D5 /* BaseRequest.swift in Sources */,
				A01A144E20B2664A002BE4D5 /* BaseResponse.swift in Sources */,
				92AD49F3224E153A00B6C59F /* GITSDBDelegate.swift in Sources */,
				A01A145D20B2664A002BE4D5 /* TitleView.swift in Sources */,
				A01A146020B2664A002BE4D5 /* FormatCurrency.swift in Sources */,
				A01A145520B2664A002BE4D5 /* GITSPref.swift in Sources */,
				A01A145620B2664A002BE4D5 /* GITSUtilsHelper.swift in Sources */,
				A01A146920B2664A002BE4D5 /* UnderlinedButton.swift in Sources */,
				D3B36D55220481D700111774 /* WKWebViewExtension.swift in Sources */,
				A01A145420B2664A002BE4D5 /* GITSStringHelper.swift in Sources */,
				A01A146A20B2664A002BE4D5 /* CircleImageView.swift in Sources */,
				D30166B7223149930026B04F /* DropDownButton.swift in Sources */,
				D3F4BA88223250D300839D1A /* ProgressStepNavView.swift in Sources */,
				A0B88B4C20BB9C98007DB042 /* TriangleView.swift in Sources */,
				A01A146720B2664A002BE4D5 /* RoundedImageView.swift in Sources */,
			);
			runOnlyForDeploymentPostprocessing = 0;
		};
		A9159D141E77C8E9006725A8 /* Sources */ = {
			isa = PBXSourcesBuildPhase;
			buildActionMask = 2147483647;
			files = (
				A9159D1E1E77C8E9006725A8 /* GITSFrameworkTests.swift in Sources */,
			);
			runOnlyForDeploymentPostprocessing = 0;
		};
		A9CE8F1D1E790A96006C6460 /* Sources */ = {
			isa = PBXSourcesBuildPhase;
			buildActionMask = 2147483647;
			files = (
				A9CE8F261E790A96006C6460 /* ViewController.swift in Sources */,
				A9CE8F241E790A96006C6460 /* AppDelegate.swift in Sources */,
			);
			runOnlyForDeploymentPostprocessing = 0;
		};
/* End PBXSourcesBuildPhase section */

/* Begin PBXTargetDependency section */
		A9159D1B1E77C8E9006725A8 /* PBXTargetDependency */ = {
			isa = PBXTargetDependency;
			target = A9159D0E1E77C8E9006725A8 /* GITSFramework */;
			targetProxy = A9159D1A1E77C8E9006725A8 /* PBXContainerItemProxy */;
		};
/* End PBXTargetDependency section */

/* Begin PBXVariantGroup section */
		A9CE8F271E790A96006C6460 /* Main.storyboard */ = {
			isa = PBXVariantGroup;
			children = (
				A9CE8F281E790A96006C6460 /* Base */,
			);
			name = Main.storyboard;
			sourceTree = "<group>";
		};
		A9CE8F2C1E790A97006C6460 /* LaunchScreen.storyboard */ = {
			isa = PBXVariantGroup;
			children = (
				A9CE8F2D1E790A97006C6460 /* Base */,
			);
			name = LaunchScreen.storyboard;
			sourceTree = "<group>";
		};
/* End PBXVariantGroup section */

/* Begin XCBuildConfiguration section */
		A9159D211E77C8E9006725A8 /* Debug */ = {
			isa = XCBuildConfiguration;
			buildSettings = {
				ALWAYS_SEARCH_USER_PATHS = NO;
				CLANG_ANALYZER_NONNULL = YES;
				CLANG_CXX_LANGUAGE_STANDARD = "gnu++0x";
				CLANG_CXX_LIBRARY = "libc++";
				CLANG_ENABLE_MODULES = YES;
				CLANG_ENABLE_OBJC_ARC = YES;
				CLANG_WARN_BOOL_CONVERSION = YES;
				CLANG_WARN_CONSTANT_CONVERSION = YES;
				CLANG_WARN_DIRECT_OBJC_ISA_USAGE = YES_ERROR;
				CLANG_WARN_DOCUMENTATION_COMMENTS = YES;
				CLANG_WARN_EMPTY_BODY = YES;
				CLANG_WARN_ENUM_CONVERSION = YES;
				CLANG_WARN_INFINITE_RECURSION = YES;
				CLANG_WARN_INT_CONVERSION = YES;
				CLANG_WARN_OBJC_ROOT_CLASS = YES_ERROR;
				CLANG_WARN_SUSPICIOUS_MOVE = YES;
				CLANG_WARN_UNREACHABLE_CODE = YES;
				CLANG_WARN__DUPLICATE_METHOD_MATCH = YES;
				"CODE_SIGN_IDENTITY[sdk=iphoneos*]" = "iPhone Developer";
				COPY_PHASE_STRIP = NO;
				CURRENT_PROJECT_VERSION = 1;
				DEBUG_INFORMATION_FORMAT = dwarf;
				ENABLE_STRICT_OBJC_MSGSEND = YES;
				ENABLE_TESTABILITY = YES;
				GCC_C_LANGUAGE_STANDARD = gnu99;
				GCC_DYNAMIC_NO_PIC = NO;
				GCC_NO_COMMON_BLOCKS = YES;
				GCC_OPTIMIZATION_LEVEL = 0;
				GCC_PREPROCESSOR_DEFINITIONS = (
					"DEBUG=1",
					"$(inherited)",
				);
				GCC_WARN_64_TO_32_BIT_CONVERSION = YES;
				GCC_WARN_ABOUT_RETURN_TYPE = YES_ERROR;
				GCC_WARN_UNDECLARED_SELECTOR = YES;
				GCC_WARN_UNINITIALIZED_AUTOS = YES_AGGRESSIVE;
				GCC_WARN_UNUSED_FUNCTION = YES;
				GCC_WARN_UNUSED_VARIABLE = YES;
				IPHONEOS_DEPLOYMENT_TARGET = 9.0;
				MTL_ENABLE_DEBUG_INFO = YES;
				ONLY_ACTIVE_ARCH = YES;
				SDKROOT = iphoneos;
				SWIFT_ACTIVE_COMPILATION_CONDITIONS = DEBUG;
				SWIFT_OPTIMIZATION_LEVEL = "-Onone";
				SWIFT_VERSION = 4.2;
				TARGETED_DEVICE_FAMILY = "1,2";
				VERSIONING_SYSTEM = "apple-generic";
				VERSION_INFO_PREFIX = "";
			};
			name = Debug;
		};
		A9159D221E77C8E9006725A8 /* Release */ = {
			isa = XCBuildConfiguration;
			buildSettings = {
				ALWAYS_SEARCH_USER_PATHS = NO;
				CLANG_ANALYZER_NONNULL = YES;
				CLANG_CXX_LANGUAGE_STANDARD = "gnu++0x";
				CLANG_CXX_LIBRARY = "libc++";
				CLANG_ENABLE_MODULES = YES;
				CLANG_ENABLE_OBJC_ARC = YES;
				CLANG_WARN_BOOL_CONVERSION = YES;
				CLANG_WARN_CONSTANT_CONVERSION = YES;
				CLANG_WARN_DIRECT_OBJC_ISA_USAGE = YES_ERROR;
				CLANG_WARN_DOCUMENTATION_COMMENTS = YES;
				CLANG_WARN_EMPTY_BODY = YES;
				CLANG_WARN_ENUM_CONVERSION = YES;
				CLANG_WARN_INFINITE_RECURSION = YES;
				CLANG_WARN_INT_CONVERSION = YES;
				CLANG_WARN_OBJC_ROOT_CLASS = YES_ERROR;
				CLANG_WARN_SUSPICIOUS_MOVE = YES;
				CLANG_WARN_UNREACHABLE_CODE = YES;
				CLANG_WARN__DUPLICATE_METHOD_MATCH = YES;
				"CODE_SIGN_IDENTITY[sdk=iphoneos*]" = "iPhone Developer";
				COPY_PHASE_STRIP = NO;
				CURRENT_PROJECT_VERSION = 1;
				DEBUG_INFORMATION_FORMAT = "dwarf-with-dsym";
				ENABLE_NS_ASSERTIONS = NO;
				ENABLE_STRICT_OBJC_MSGSEND = YES;
				GCC_C_LANGUAGE_STANDARD = gnu99;
				GCC_NO_COMMON_BLOCKS = YES;
				GCC_WARN_64_TO_32_BIT_CONVERSION = YES;
				GCC_WARN_ABOUT_RETURN_TYPE = YES_ERROR;
				GCC_WARN_UNDECLARED_SELECTOR = YES;
				GCC_WARN_UNINITIALIZED_AUTOS = YES_AGGRESSIVE;
				GCC_WARN_UNUSED_FUNCTION = YES;
				GCC_WARN_UNUSED_VARIABLE = YES;
				IPHONEOS_DEPLOYMENT_TARGET = 9.0;
				MTL_ENABLE_DEBUG_INFO = NO;
				SDKROOT = iphoneos;
				SWIFT_OPTIMIZATION_LEVEL = "-Owholemodule";
				SWIFT_VERSION = 4.2;
				TARGETED_DEVICE_FAMILY = "1,2";
				VALIDATE_PRODUCT = YES;
				VERSIONING_SYSTEM = "apple-generic";
				VERSION_INFO_PREFIX = "";
			};
			name = Release;
		};
		A9159D241E77C8E9006725A8 /* Debug */ = {
			isa = XCBuildConfiguration;
			baseConfigurationReference = 3E34F599C6311541E708352A /* Pods-GITSFramework.debug.xcconfig */;
			buildSettings = {
				CLANG_ENABLE_MODULES = YES;
				CODE_SIGN_IDENTITY = "";
				DEFINES_MODULE = YES;
				DEVELOPMENT_TEAM = P53KJ6MXZH;
				DYLIB_COMPATIBILITY_VERSION = 1;
				DYLIB_CURRENT_VERSION = 1;
				DYLIB_INSTALL_NAME_BASE = "@rpath";
				INFOPLIST_FILE = GITSFramework/Info.plist;
				INSTALL_PATH = "$(LOCAL_LIBRARY_DIR)/Frameworks";
				IPHONEOS_DEPLOYMENT_TARGET = 9.0;
				LD_RUNPATH_SEARCH_PATHS = "$(inherited) @executable_path/Frameworks @loader_path/Frameworks";
				PRODUCT_BUNDLE_IDENTIFIER = id.gits.goodhome.GITSFramework;
				PRODUCT_NAME = "$(TARGET_NAME)";
				SKIP_INSTALL = YES;
				SWIFT_OPTIMIZATION_LEVEL = "-Onone";
				SWIFT_VERSION = 4.2;
			};
			name = Debug;
		};
		A9159D251E77C8E9006725A8 /* Release */ = {
			isa = XCBuildConfiguration;
			baseConfigurationReference = 56735A8F6482192DD83E92D7 /* Pods-GITSFramework.release.xcconfig */;
			buildSettings = {
				CLANG_ENABLE_MODULES = YES;
				CODE_SIGN_IDENTITY = "";
				DEFINES_MODULE = YES;
				DEVELOPMENT_TEAM = P53KJ6MXZH;
				DYLIB_COMPATIBILITY_VERSION = 1;
				DYLIB_CURRENT_VERSION = 1;
				DYLIB_INSTALL_NAME_BASE = "@rpath";
				INFOPLIST_FILE = GITSFramework/Info.plist;
				INSTALL_PATH = "$(LOCAL_LIBRARY_DIR)/Frameworks";
				IPHONEOS_DEPLOYMENT_TARGET = 9.0;
				LD_RUNPATH_SEARCH_PATHS = "$(inherited) @executable_path/Frameworks @loader_path/Frameworks";
				PRODUCT_BUNDLE_IDENTIFIER = id.gits.goodhome.GITSFramework;
				PRODUCT_NAME = "$(TARGET_NAME)";
				SKIP_INSTALL = YES;
				SWIFT_VERSION = 4.2;
			};
			name = Release;
		};
		A9159D271E77C8E9006725A8 /* Debug */ = {
			isa = XCBuildConfiguration;
			baseConfigurationReference = 02A9BD4F2A5F3BAA709C5A6C /* Pods-GITSFrameworkTests.debug.xcconfig */;
			buildSettings = {
				ALWAYS_EMBED_SWIFT_STANDARD_LIBRARIES = YES;
				DEVELOPMENT_TEAM = P53KJ6MXZH;
				INFOPLIST_FILE = GITSFrameworkTests/Info.plist;
				LD_RUNPATH_SEARCH_PATHS = "$(inherited) @executable_path/Frameworks @loader_path/Frameworks";
				PRODUCT_BUNDLE_IDENTIFIER = id.gits.goodhome.GITSFrameworkTests;
				PRODUCT_NAME = "$(TARGET_NAME)";
				SWIFT_SWIFT3_OBJC_INFERENCE = On;
				SWIFT_VERSION = 4.2;
			};
			name = Debug;
		};
		A9159D281E77C8E9006725A8 /* Release */ = {
			isa = XCBuildConfiguration;
			baseConfigurationReference = D9CEC70C5795645491EB2A20 /* Pods-GITSFrameworkTests.release.xcconfig */;
			buildSettings = {
				ALWAYS_EMBED_SWIFT_STANDARD_LIBRARIES = YES;
				DEVELOPMENT_TEAM = P53KJ6MXZH;
				INFOPLIST_FILE = GITSFrameworkTests/Info.plist;
				LD_RUNPATH_SEARCH_PATHS = "$(inherited) @executable_path/Frameworks @loader_path/Frameworks";
				PRODUCT_BUNDLE_IDENTIFIER = id.gits.goodhome.GITSFrameworkTests;
				PRODUCT_NAME = "$(TARGET_NAME)";
				SWIFT_SWIFT3_OBJC_INFERENCE = On;
				SWIFT_VERSION = 4.2;
			};
			name = Release;
		};
		A9CE8F301E790A97006C6460 /* Debug */ = {
			isa = XCBuildConfiguration;
			baseConfigurationReference = 7190BC29E01275EADABEA20B /* Pods-GITSFrameworkApps.debug.xcconfig */;
			buildSettings = {
				ASSETCATALOG_COMPILER_APPICON_NAME = AppIcon;
				DEVELOPMENT_TEAM = P53KJ6MXZH;
				INFOPLIST_FILE = GITSFrameworkApps/Info.plist;
				IPHONEOS_DEPLOYMENT_TARGET = 9.0;
				LD_RUNPATH_SEARCH_PATHS = "$(inherited) @executable_path/Frameworks";
				PRODUCT_BUNDLE_IDENTIFIER = id.gits.module.GITSFrameworkApps;
				PRODUCT_NAME = "$(TARGET_NAME)";
				SWIFT_SWIFT3_OBJC_INFERENCE = On;
				SWIFT_VERSION = 4.2;
			};
			name = Debug;
		};
		A9CE8F311E790A97006C6460 /* Release */ = {
			isa = XCBuildConfiguration;
			baseConfigurationReference = C5E53D8057A113AB450065E1 /* Pods-GITSFrameworkApps.release.xcconfig */;
			buildSettings = {
				ASSETCATALOG_COMPILER_APPICON_NAME = AppIcon;
				DEVELOPMENT_TEAM = P53KJ6MXZH;
				INFOPLIST_FILE = GITSFrameworkApps/Info.plist;
				IPHONEOS_DEPLOYMENT_TARGET = 9.0;
				LD_RUNPATH_SEARCH_PATHS = "$(inherited) @executable_path/Frameworks";
				PRODUCT_BUNDLE_IDENTIFIER = id.gits.module.GITSFrameworkApps;
				PRODUCT_NAME = "$(TARGET_NAME)";
				SWIFT_SWIFT3_OBJC_INFERENCE = On;
				SWIFT_VERSION = 4.2;
			};
			name = Release;
		};
/* End XCBuildConfiguration section */

/* Begin XCConfigurationList section */
		A9159D091E77C8E9006725A8 /* Build configuration list for PBXProject "GITSFramework" */ = {
			isa = XCConfigurationList;
			buildConfigurations = (
				A9159D211E77C8E9006725A8 /* Debug */,
				A9159D221E77C8E9006725A8 /* Release */,
			);
			defaultConfigurationIsVisible = 0;
			defaultConfigurationName = Release;
		};
		A9159D231E77C8E9006725A8 /* Build configuration list for PBXNativeTarget "GITSFramework" */ = {
			isa = XCConfigurationList;
			buildConfigurations = (
				A9159D241E77C8E9006725A8 /* Debug */,
				A9159D251E77C8E9006725A8 /* Release */,
			);
			defaultConfigurationIsVisible = 0;
			defaultConfigurationName = Release;
		};
		A9159D261E77C8E9006725A8 /* Build configuration list for PBXNativeTarget "GITSFrameworkTests" */ = {
			isa = XCConfigurationList;
			buildConfigurations = (
				A9159D271E77C8E9006725A8 /* Debug */,
				A9159D281E77C8E9006725A8 /* Release */,
			);
			defaultConfigurationIsVisible = 0;
			defaultConfigurationName = Release;
		};
		A9CE8F321E790A97006C6460 /* Build configuration list for PBXNativeTarget "GITSFrameworkApps" */ = {
			isa = XCConfigurationList;
			buildConfigurations = (
				A9CE8F301E790A97006C6460 /* Debug */,
				A9CE8F311E790A97006C6460 /* Release */,
			);
			defaultConfigurationIsVisible = 0;
			defaultConfigurationName = Release;
		};
/* End XCConfigurationList section */
	};
	rootObject = A9159D061E77C8E9006725A8 /* Project object */;
}
